
Microsoft Visual Studio Solution File, Format Version 12.00
# Visual Studio Version 16
VisualStudioVersion = 16.0.29324.140
MinimumVisualStudioVersion = 10.0.40219.1
Project("{9A19103F-16F7-4668-BE54-9A1E7A4F7556}") = "LanguageCenterPLC", "LanguageCenterPLC\LanguageCenterPLC.csproj", "{799ECE5F-9FB1-4112-82B6-95100842F0B1}"
EndProject
Project("{2150E333-8FDC-42A3-9474-1A3956D46DE8}") = "1.Presentation", "1.Presentation", "{5795B687-24AA-4641-BF8B-75EDB24D4F2C}"
EndProject
Project("{2150E333-8FDC-42A3-9474-1A3956D46DE8}") = "2.Application", "2.Application", "{7A7DCACB-D1F1-40AB-BC10-835B2551B25A}"
EndProject
Project("{2150E333-8FDC-42A3-9474-1A3956D46DE8}") = "3.Domain", "3.Domain", "{149A4CC3-2292-477E-B310-1FF790557287}"
EndProject
Project("{2150E333-8FDC-42A3-9474-1A3956D46DE8}") = "4.Infrastructure", "4.Infrastructure", "{09B8CA66-7086-4233-AC54-BC7ED1A349F8}"
EndProject
Project("{9A19103F-16F7-4668-BE54-9A1E7A4F7556}") = "LanguageCenterPLC.Application", "LanguageCenterPLC.Application\LanguageCenterPLC.Application.csproj", "{A68DFFEE-9638-4D0F-9286-EC18077D5D0E}"
EndProject
Project("{9A19103F-16F7-4668-BE54-9A1E7A4F7556}") = "LanguageCenterPLC.Data", "LanguageCenterPLC.Data\LanguageCenterPLC.Data.csproj", "{267EE91B-63AC-4A9E-AB12-1AC4899476E2}"
EndProject
Project("{9A19103F-16F7-4668-BE54-9A1E7A4F7556}") = "LanguageCenterPLC.Data.EF", "LanguageCenterPLC.Data.EF\LanguageCenterPLC.Data.EF.csproj", "{A30B8B4E-D5A6-420E-8A3C-43A00E4B2FA3}"
EndProject
Project("{9A19103F-16F7-4668-BE54-9A1E7A4F7556}") = "LanguageCenterPLC.Infrastructure", "LanguageCenterPLC.Infrastructure\LanguageCenterPLC.Infrastructure.csproj", "{93378F7C-59FD-4278-833B-1E38030EF093}"
EndProject
Project("{9A19103F-16F7-4668-BE54-9A1E7A4F7556}") = "LanguageCenterPLC.Utilities", "LanguageCenterPLC.Utilities\LanguageCenterPLC.Utilities.csproj", "{17C97720-B9F7-43C9-B636-3340DA5D09B5}"
EndProject
Global
	GlobalSection(SolutionConfigurationPlatforms) = preSolution
		Debug|Any CPU = Debug|Any CPU
		Debug|x64 = Debug|x64
		Release|Any CPU = Release|Any CPU
		Release|x64 = Release|x64
	EndGlobalSection
	GlobalSection(ProjectConfigurationPlatforms) = postSolution
		{799ECE5F-9FB1-4112-82B6-95100842F0B1}.Debug|Any CPU.ActiveCfg = Debug|Any CPU
		{799ECE5F-9FB1-4112-82B6-95100842F0B1}.Debug|Any CPU.Build.0 = Debug|Any CPU
		{799ECE5F-9FB1-4112-82B6-95100842F0B1}.Debug|x64.ActiveCfg = Debug|Any CPU
		{799ECE5F-9FB1-4112-82B6-95100842F0B1}.Debug|x64.Build.0 = Debug|Any CPU
		{799ECE5F-9FB1-4112-82B6-95100842F0B1}.Release|Any CPU.ActiveCfg = Release|Any CPU
		{799ECE5F-9FB1-4112-82B6-95100842F0B1}.Release|Any CPU.Build.0 = Release|Any CPU
		{799ECE5F-9FB1-4112-82B6-95100842F0B1}.Release|x64.ActiveCfg = Release|Any CPU
		{799ECE5F-9FB1-4112-82B6-95100842F0B1}.Release|x64.Build.0 = Release|Any CPU
		{A68DFFEE-9638-4D0F-9286-EC18077D5D0E}.Debug|Any CPU.ActiveCfg = Debug|Any CPU
		{A68DFFEE-9638-4D0F-9286-EC18077D5D0E}.Debug|Any CPU.Build.0 = Debug|Any CPU
		{A68DFFEE-9638-4D0F-9286-EC18077D5D0E}.Debug|x64.ActiveCfg = Debug|Any CPU
		{A68DFFEE-9638-4D0F-9286-EC18077D5D0E}.Debug|x64.Build.0 = Debug|Any CPU
		{A68DFFEE-9638-4D0F-9286-EC18077D5D0E}.Release|Any CPU.ActiveCfg = Release|Any CPU
		{A68DFFEE-9638-4D0F-9286-EC18077D5D0E}.Release|Any CPU.Build.0 = Release|Any CPU
		{A68DFFEE-9638-4D0F-9286-EC18077D5D0E}.Release|x64.ActiveCfg = Release|Any CPU
		{A68DFFEE-9638-4D0F-9286-EC18077D5D0E}.Release|x64.Build.0 = Release|Any CPU
		{267EE91B-63AC-4A9E-AB12-1AC4899476E2}.Debug|Any CPU.ActiveCfg = Debug|Any CPU
		{267EE91B-63AC-4A9E-AB12-1AC4899476E2}.Debug|Any CPU.Build.0 = Debug|Any CPU
		{267EE91B-63AC-4A9E-AB12-1AC4899476E2}.Debug|x64.ActiveCfg = Debug|Any CPU
		{267EE91B-63AC-4A9E-AB12-1AC4899476E2}.Debug|x64.Build.0 = Debug|Any CPU
		{267EE91B-63AC-4A9E-AB12-1AC4899476E2}.Release|Any CPU.ActiveCfg = Release|Any CPU
		{267EE91B-63AC-4A9E-AB12-1AC4899476E2}.Release|Any CPU.Build.0 = Release|Any CPU
		{267EE91B-63AC-4A9E-AB12-1AC4899476E2}.Release|x64.ActiveCfg = Release|Any CPU
		{267EE91B-63AC-4A9E-AB12-1AC4899476E2}.Release|x64.Build.0 = Release|Any CPU
		{A30B8B4E-D5A6-420E-8A3C-43A00E4B2FA3}.Debug|Any CPU.ActiveCfg = Debug|Any CPU
		{A30B8B4E-D5A6-420E-8A3C-43A00E4B2FA3}.Debug|Any CPU.Build.0 = Debug|Any CPU
		{A30B8B4E-D5A6-420E-8A3C-43A00E4B2FA3}.Debug|x64.ActiveCfg = Debug|Any CPU
		{A30B8B4E-D5A6-420E-8A3C-43A00E4B2FA3}.Debug|x64.Build.0 = Debug|Any CPU
		{A30B8B4E-D5A6-420E-8A3C-43A00E4B2FA3}.Release|Any CPU.ActiveCfg = Release|Any CPU
		{A30B8B4E-D5A6-420E-8A3C-43A00E4B2FA3}.Release|Any CPU.Build.0 = Release|Any CPU
		{A30B8B4E-D5A6-420E-8A3C-43A00E4B2FA3}.Release|x64.ActiveCfg = Release|Any CPU
		{A30B8B4E-D5A6-420E-8A3C-43A00E4B2FA3}.Release|x64.Build.0 = Release|Any CPU
		{93378F7C-59FD-4278-833B-1E38030EF093}.Debug|Any CPU.ActiveCfg = Debug|Any CPU
		{93378F7C-59FD-4278-833B-1E38030EF093}.Debug|Any CPU.Build.0 = Debug|Any CPU
		{93378F7C-59FD-4278-833B-1E38030EF093}.Debug|x64.ActiveCfg = Debug|Any CPU
		{93378F7C-59FD-4278-833B-1E38030EF093}.Debug|x64.Build.0 = Debug|Any CPU
		{93378F7C-59FD-4278-833B-1E38030EF093}.Release|Any CPU.ActiveCfg = Release|Any CPU
		{93378F7C-59FD-4278-833B-1E38030EF093}.Release|Any CPU.Build.0 = Release|Any CPU
		{93378F7C-59FD-4278-833B-1E38030EF093}.Release|x64.ActiveCfg = Release|Any CPU
		{93378F7C-59FD-4278-833B-1E38030EF093}.Release|x64.Build.0 = Release|Any CPU
		{17C97720-B9F7-43C9-B636-3340DA5D09B5}.Debug|Any CPU.ActiveCfg = Debug|Any CPU
		{17C97720-B9F7-43C9-B636-3340DA5D09B5}.Debug|Any CPU.Build.0 = Debug|Any CPU
		{17C97720-B9F7-43C9-B636-3340DA5D09B5}.Debug|x64.ActiveCfg = Debug|Any CPU
		{17C97720-B9F7-43C9-B636-3340DA5D09B5}.Debug|x64.Build.0 = Debug|Any CPU
		{17C97720-B9F7-43C9-B636-3340DA5D09B5}.Release|Any CPU.ActiveCfg = Release|Any CPU
		{17C97720-B9F7-43C9-B636-3340DA5D09B5}.Release|Any CPU.Build.0 = Release|Any CPU
		{17C97720-B9F7-43C9-B636-3340DA5D09B5}.Release|x64.ActiveCfg = Release|Any CPU
		{17C97720-B9F7-43C9-B636-3340DA5D09B5}.Release|x64.Build.0 = Release|Any CPU
	EndGlobalSection
	GlobalSection(SolutionProperties) = preSolution
		HideSolutionNode = FALSE
	EndGlobalSection
	GlobalSection(NestedProjects) = preSolution
		{799ECE5F-9FB1-4112-82B6-95100842F0B1} = {5795B687-24AA-4641-BF8B-75EDB24D4F2C}
		{A68DFFEE-9638-4D0F-9286-EC18077D5D0E} = {7A7DCACB-D1F1-40AB-BC10-835B2551B25A}
		{267EE91B-63AC-4A9E-AB12-1AC4899476E2} = {149A4CC3-2292-477E-B310-1FF790557287}
		{A30B8B4E-D5A6-420E-8A3C-43A00E4B2FA3} = {149A4CC3-2292-477E-B310-1FF790557287}
		{93378F7C-59FD-4278-833B-1E38030EF093} = {09B8CA66-7086-4233-AC54-BC7ED1A349F8}
		{17C97720-B9F7-43C9-B636-3340DA5D09B5} = {09B8CA66-7086-4233-AC54-BC7ED1A349F8}
	EndGlobalSection
	GlobalSection(ExtensibilityGlobals) = postSolution
		SolutionGuid = {4D61461C-342D-4AE2-91C1-1D855F178477}
	EndGlobalSection
EndGlobal
